// !$*UTF8*$!
{
	archiveVersion = 1;
	classes = {
	};
	objectVersion = 51;
	objects = {

/* Begin PBXBuildFile section */
		07FCECE315632885A354F642 /* Pods_MVP_MVPUITests.framework in Frameworks */ = {isa = PBXBuildFile; fileRef = C0FE4DD8B9B3E02A84E0F4E1 /* Pods_MVP_MVPUITests.framework */; };
		2E52BDEB25DEDA77008EB525 /* AppDelegate.swift in Sources */ = {isa = PBXBuildFile; fileRef = 2E52BDEA25DEDA77008EB525 /* AppDelegate.swift */; };
		2E52BDED25DEDA77008EB525 /* SceneDelegate.swift in Sources */ = {isa = PBXBuildFile; fileRef = 2E52BDEC25DEDA77008EB525 /* SceneDelegate.swift */; };
		2E52BDEF25DEDA77008EB525 /* ViewController.swift in Sources */ = {isa = PBXBuildFile; fileRef = 2E52BDEE25DEDA77008EB525 /* ViewController.swift */; };
		2E52BDF225DEDA77008EB525 /* Main.storyboard in Resources */ = {isa = PBXBuildFile; fileRef = 2E52BDF025DEDA77008EB525 /* Main.storyboard */; };
		2E52BDF425DEDA78008EB525 /* Assets.xcassets in Resources */ = {isa = PBXBuildFile; fileRef = 2E52BDF325DEDA78008EB525 /* Assets.xcassets */; };
		2E52BDF725DEDA78008EB525 /* LaunchScreen.storyboard in Resources */ = {isa = PBXBuildFile; fileRef = 2E52BDF525DEDA78008EB525 /* LaunchScreen.storyboard */; };
		2E52BE0225DEDA79008EB525 /* FirstMVPTests.swift in Sources */ = {isa = PBXBuildFile; fileRef = 2E52BE0125DEDA79008EB525 /* FirstMVPTests.swift */; };
		2E52BE0D25DEDA79008EB525 /* MVPUITests.swift in Sources */ = {isa = PBXBuildFile; fileRef = 2E52BE0C25DEDA79008EB525 /* MVPUITests.swift */; };
		2EB6922E25FD1C6A005EDEDF /* FirstMVPModel.swift in Sources */ = {isa = PBXBuildFile; fileRef = 2EB6922D25FD1C6A005EDEDF /* FirstMVPModel.swift */; };
		2EB6923325FD1E15005EDEDF /* FirstMVPView.swift in Sources */ = {isa = PBXBuildFile; fileRef = 2EB6923225FD1E15005EDEDF /* FirstMVPView.swift */; };
		2EB6923E25FD2048005EDEDF /* FirstMVPPresenter.swift in Sources */ = {isa = PBXBuildFile; fileRef = 2EB6923D25FD2048005EDEDF /* FirstMVPPresenter.swift */; };
		C259FA1CC9C41EA46C6636A3 /* Pods_MVPTests.framework in Frameworks */ = {isa = PBXBuildFile; fileRef = A525427BD85CCC5BD12F6120 /* Pods_MVPTests.framework */; };
		C37D511F386F0CA6C8492ED2 /* Pods_MVP.framework in Frameworks */ = {isa = PBXBuildFile; fileRef = D1EF879EA5E1EF722F9BB007 /* Pods_MVP.framework */; };
/* End PBXBuildFile section */

/* Begin PBXContainerItemProxy section */
		2E52BDFE25DEDA79008EB525 /* PBXContainerItemProxy */ = {
			isa = PBXContainerItemProxy;
			containerPortal = 2E52BDDF25DEDA77008EB525 /* Project object */;
			proxyType = 1;
			remoteGlobalIDString = 2E52BDE625DEDA77008EB525;
			remoteInfo = MVP;
		};
		2E52BE0925DEDA79008EB525 /* PBXContainerItemProxy */ = {
			isa = PBXContainerItemProxy;
			containerPortal = 2E52BDDF25DEDA77008EB525 /* Project object */;
			proxyType = 1;
			remoteGlobalIDString = 2E52BDE625DEDA77008EB525;
			remoteInfo = MVP;
		};
/* End PBXContainerItemProxy section */

/* Begin PBXFileReference section */
		03D99C4A156B051A0D607EB7 /* Pods-MVP-MVPUITests.debug.xcconfig */ = {isa = PBXFileReference; includeInIndex = 1; lastKnownFileType = text.xcconfig; name = "Pods-MVP-MVPUITests.debug.xcconfig"; path = "Target Support Files/Pods-MVP-MVPUITests/Pods-MVP-MVPUITests.debug.xcconfig"; sourceTree = "<group>"; };
		0EF86FA665530FB3A49D1F17 /* Pods-MVP.release.xcconfig */ = {isa = PBXFileReference; includeInIndex = 1; lastKnownFileType = text.xcconfig; name = "Pods-MVP.release.xcconfig"; path = "Target Support Files/Pods-MVP/Pods-MVP.release.xcconfig"; sourceTree = "<group>"; };
		1F26467A5B12B234FEA3AC88 /* Pods-MVP-MVPUITests.release.xcconfig */ = {isa = PBXFileReference; includeInIndex = 1; lastKnownFileType = text.xcconfig; name = "Pods-MVP-MVPUITests.release.xcconfig"; path = "Target Support Files/Pods-MVP-MVPUITests/Pods-MVP-MVPUITests.release.xcconfig"; sourceTree = "<group>"; };
		2E52BDE725DEDA77008EB525 /* MVP.app */ = {isa = PBXFileReference; explicitFileType = wrapper.application; includeInIndex = 0; path = MVP.app; sourceTree = BUILT_PRODUCTS_DIR; };
		2E52BDEA25DEDA77008EB525 /* AppDelegate.swift */ = {isa = PBXFileReference; lastKnownFileType = sourcecode.swift; path = AppDelegate.swift; sourceTree = "<group>"; };
		2E52BDEC25DEDA77008EB525 /* SceneDelegate.swift */ = {isa = PBXFileReference; lastKnownFileType = sourcecode.swift; path = SceneDelegate.swift; sourceTree = "<group>"; };
		2E52BDEE25DEDA77008EB525 /* ViewController.swift */ = {isa = PBXFileReference; lastKnownFileType = sourcecode.swift; path = ViewController.swift; sourceTree = "<group>"; };
		2E52BDF125DEDA77008EB525 /* Base */ = {isa = PBXFileReference; lastKnownFileType = file.storyboard; name = Base; path = Base.lproj/Main.storyboard; sourceTree = "<group>"; };
		2E52BDF325DEDA78008EB525 /* Assets.xcassets */ = {isa = PBXFileReference; lastKnownFileType = folder.assetcatalog; path = Assets.xcassets; sourceTree = "<group>"; };
		2E52BDF625DEDA78008EB525 /* Base */ = {isa = PBXFileReference; lastKnownFileType = file.storyboard; name = Base; path = Base.lproj/LaunchScreen.storyboard; sourceTree = "<group>"; };
		2E52BDF825DEDA78008EB525 /* Info.plist */ = {isa = PBXFileReference; lastKnownFileType = text.plist.xml; path = Info.plist; sourceTree = "<group>"; };
		2E52BDFD25DEDA79008EB525 /* MVPTests.xctest */ = {isa = PBXFileReference; explicitFileType = wrapper.cfbundle; includeInIndex = 0; path = MVPTests.xctest; sourceTree = BUILT_PRODUCTS_DIR; };
		2E52BE0125DEDA79008EB525 /* FirstMVPTests.swift */ = {isa = PBXFileReference; lastKnownFileType = sourcecode.swift; path = FirstMVPTests.swift; sourceTree = "<group>"; };
		2E52BE0325DEDA79008EB525 /* Info.plist */ = {isa = PBXFileReference; lastKnownFileType = text.plist.xml; path = Info.plist; sourceTree = "<group>"; };
		2E52BE0825DEDA79008EB525 /* MVPUITests.xctest */ = {isa = PBXFileReference; explicitFileType = wrapper.cfbundle; includeInIndex = 0; path = MVPUITests.xctest; sourceTree = BUILT_PRODUCTS_DIR; };
		2E52BE0C25DEDA79008EB525 /* MVPUITests.swift */ = {isa = PBXFileReference; lastKnownFileType = sourcecode.swift; path = MVPUITests.swift; sourceTree = "<group>"; };
		2E52BE0E25DEDA79008EB525 /* Info.plist */ = {isa = PBXFileReference; lastKnownFileType = text.plist.xml; path = Info.plist; sourceTree = "<group>"; };
		2EB6922D25FD1C6A005EDEDF /* FirstMVPModel.swift */ = {isa = PBXFileReference; lastKnownFileType = sourcecode.swift; path = FirstMVPModel.swift; sourceTree = "<group>"; };
		2EB6923225FD1E15005EDEDF /* FirstMVPView.swift */ = {isa = PBXFileReference; lastKnownFileType = sourcecode.swift; path = FirstMVPView.swift; sourceTree = "<group>"; };
		2EB6923D25FD2048005EDEDF /* FirstMVPPresenter.swift */ = {isa = PBXFileReference; lastKnownFileType = sourcecode.swift; path = FirstMVPPresenter.swift; sourceTree = "<group>"; };
		8ADE85BBFDFC324DB2D6F686 /* Pods-MVPTests.debug.xcconfig */ = {isa = PBXFileReference; includeInIndex = 1; lastKnownFileType = text.xcconfig; name = "Pods-MVPTests.debug.xcconfig"; path = "Target Support Files/Pods-MVPTests/Pods-MVPTests.debug.xcconfig"; sourceTree = "<group>"; };
		A525427BD85CCC5BD12F6120 /* Pods_MVPTests.framework */ = {isa = PBXFileReference; explicitFileType = wrapper.framework; includeInIndex = 0; path = Pods_MVPTests.framework; sourceTree = BUILT_PRODUCTS_DIR; };
		BE53CD89BE7F0F27DC2CB5ED /* Pods-MVP.debug.xcconfig */ = {isa = PBXFileReference; includeInIndex = 1; lastKnownFileType = text.xcconfig; name = "Pods-MVP.debug.xcconfig"; path = "Target Support Files/Pods-MVP/Pods-MVP.debug.xcconfig"; sourceTree = "<group>"; };
		C0FE4DD8B9B3E02A84E0F4E1 /* Pods_MVP_MVPUITests.framework */ = {isa = PBXFileReference; explicitFileType = wrapper.framework; includeInIndex = 0; path = Pods_MVP_MVPUITests.framework; sourceTree = BUILT_PRODUCTS_DIR; };
		D1EF879EA5E1EF722F9BB007 /* Pods_MVP.framework */ = {isa = PBXFileReference; explicitFileType = wrapper.framework; includeInIndex = 0; path = Pods_MVP.framework; sourceTree = BUILT_PRODUCTS_DIR; };
		E65FDFD78121450FB07D2F25 /* Pods-MVPTests.release.xcconfig */ = {isa = PBXFileReference; includeInIndex = 1; lastKnownFileType = text.xcconfig; name = "Pods-MVPTests.release.xcconfig"; path = "Target Support Files/Pods-MVPTests/Pods-MVPTests.release.xcconfig"; sourceTree = "<group>"; };
/* End PBXFileReference section */

/* Begin PBXFrameworksBuildPhase section */
		2E52BDE425DEDA77008EB525 /* Frameworks */ = {
			isa = PBXFrameworksBuildPhase;
			buildActionMask = 2147483647;
			files = (
				C37D511F386F0CA6C8492ED2 /* Pods_MVP.framework in Frameworks */,
			);
			runOnlyForDeploymentPostprocessing = 0;
		};
		2E52BDFA25DEDA79008EB525 /* Frameworks */ = {
			isa = PBXFrameworksBuildPhase;
			buildActionMask = 2147483647;
			files = (
				C259FA1CC9C41EA46C6636A3 /* Pods_MVPTests.framework in Frameworks */,
			);
			runOnlyForDeploymentPostprocessing = 0;
		};
		2E52BE0525DEDA79008EB525 /* Frameworks */ = {
			isa = PBXFrameworksBuildPhase;
			buildActionMask = 2147483647;
			files = (
				07FCECE315632885A354F642 /* Pods_MVP_MVPUITests.framework in Frameworks */,
			);
			runOnlyForDeploymentPostprocessing = 0;
		};
/* End PBXFrameworksBuildPhase section */

/* Begin PBXGroup section */
		2E52BDDE25DEDA77008EB525 = {
			isa = PBXGroup;
			children = (
				2E52BDE925DEDA77008EB525 /* MVP */,
				2E52BE0025DEDA79008EB525 /* MVPTests */,
				2E52BE0B25DEDA79008EB525 /* MVPUITests */,
				2E52BDE825DEDA77008EB525 /* Products */,
				E1D6C065A571CCCEAFF950E3 /* Frameworks */,
				D256B6A82C0CAB22BEDC2CDC /* Pods */,
			);
			sourceTree = "<group>";
		};
		2E52BDE825DEDA77008EB525 /* Products */ = {
			isa = PBXGroup;
			children = (
				2E52BDE725DEDA77008EB525 /* MVP.app */,
				2E52BDFD25DEDA79008EB525 /* MVPTests.xctest */,
				2E52BE0825DEDA79008EB525 /* MVPUITests.xctest */,
			);
			name = Products;
			sourceTree = "<group>";
		};
		2E52BDE925DEDA77008EB525 /* MVP */ = {
			isa = PBXGroup;
			children = (
				2EB6921B25FCF2F9005EDEDF /* FirstMVP */,
				2E52BDEA25DEDA77008EB525 /* AppDelegate.swift */,
				2E52BDEC25DEDA77008EB525 /* SceneDelegate.swift */,
				2E52BDEE25DEDA77008EB525 /* ViewController.swift */,
				2E52BDF025DEDA77008EB525 /* Main.storyboard */,
				2E52BDF325DEDA78008EB525 /* Assets.xcassets */,
				2E52BDF525DEDA78008EB525 /* LaunchScreen.storyboard */,
				2E52BDF825DEDA78008EB525 /* Info.plist */,
			);
			path = MVP;
			sourceTree = "<group>";
		};
		2E52BE0025DEDA79008EB525 /* MVPTests */ = {
			isa = PBXGroup;
			children = (
				2E52BE0125DEDA79008EB525 /* FirstMVPTests.swift */,
				2E52BE0325DEDA79008EB525 /* Info.plist */,
			);
			path = MVPTests;
			sourceTree = "<group>";
		};
		2E52BE0B25DEDA79008EB525 /* MVPUITests */ = {
			isa = PBXGroup;
			children = (
				2E52BE0C25DEDA79008EB525 /* MVPUITests.swift */,
				2E52BE0E25DEDA79008EB525 /* Info.plist */,
			);
			path = MVPUITests;
			sourceTree = "<group>";
		};
		2EB6921B25FCF2F9005EDEDF /* FirstMVP */ = {
			isa = PBXGroup;
			children = (
				2EB6922525FD1962005EDEDF /* Presenter */,
				2EB6922325FD18F8005EDEDF /* View */,
				2EB6922625FD1968005EDEDF /* Model */,
			);
			path = FirstMVP;
			sourceTree = "<group>";
		};
		2EB6922325FD18F8005EDEDF /* View */ = {
			isa = PBXGroup;
			children = (
				2EB6923225FD1E15005EDEDF /* FirstMVPView.swift */,
			);
			path = View;
			sourceTree = "<group>";
		};
		2EB6922525FD1962005EDEDF /* Presenter */ = {
			isa = PBXGroup;
			children = (
				2EB6923D25FD2048005EDEDF /* FirstMVPPresenter.swift */,
			);
			path = Presenter;
			sourceTree = "<group>";
		};
		2EB6922625FD1968005EDEDF /* Model */ = {
			isa = PBXGroup;
			children = (
				2EB6922D25FD1C6A005EDEDF /* FirstMVPModel.swift */,
			);
			path = Model;
			sourceTree = "<group>";
		};
		D256B6A82C0CAB22BEDC2CDC /* Pods */ = {
			isa = PBXGroup;
			children = (
				BE53CD89BE7F0F27DC2CB5ED /* Pods-MVP.debug.xcconfig */,
				0EF86FA665530FB3A49D1F17 /* Pods-MVP.release.xcconfig */,
				03D99C4A156B051A0D607EB7 /* Pods-MVP-MVPUITests.debug.xcconfig */,
				1F26467A5B12B234FEA3AC88 /* Pods-MVP-MVPUITests.release.xcconfig */,
				8ADE85BBFDFC324DB2D6F686 /* Pods-MVPTests.debug.xcconfig */,
				E65FDFD78121450FB07D2F25 /* Pods-MVPTests.release.xcconfig */,
			);
			name = Pods;
			path = ../Pods;
			sourceTree = "<group>";
		};
		E1D6C065A571CCCEAFF950E3 /* Frameworks */ = {
			isa = PBXGroup;
			children = (
				D1EF879EA5E1EF722F9BB007 /* Pods_MVP.framework */,
				C0FE4DD8B9B3E02A84E0F4E1 /* Pods_MVP_MVPUITests.framework */,
				A525427BD85CCC5BD12F6120 /* Pods_MVPTests.framework */,
			);
			name = Frameworks;
			sourceTree = "<group>";
		};
/* End PBXGroup section */

/* Begin PBXNativeTarget section */
		2E52BDE625DEDA77008EB525 /* MVP */ = {
			isa = PBXNativeTarget;
			buildConfigurationList = 2E52BE1125DEDA79008EB525 /* Build configuration list for PBXNativeTarget "MVP" */;
			buildPhases = (
				0C5212F13471720EC715D2BA /* [CP] Check Pods Manifest.lock */,
				2E52BDE325DEDA77008EB525 /* Sources */,
				2E52BDE425DEDA77008EB525 /* Frameworks */,
				2E52BDE525DEDA77008EB525 /* Resources */,
				2FBE439916C38E255210DFE6 /* [CP] Embed Pods Frameworks */,
			);
			buildRules = (
			);
			dependencies = (
			);
			name = MVP;
			productName = MVP;
			productReference = 2E52BDE725DEDA77008EB525 /* MVP.app */;
			productType = "com.apple.product-type.application";
		};
		2E52BDFC25DEDA79008EB525 /* MVPTests */ = {
			isa = PBXNativeTarget;
			buildConfigurationList = 2E52BE1425DEDA79008EB525 /* Build configuration list for PBXNativeTarget "MVPTests" */;
			buildPhases = (
				07A61128BF133E20A3023BC2 /* [CP] Check Pods Manifest.lock */,
				2E52BDF925DEDA79008EB525 /* Sources */,
				2E52BDFA25DEDA79008EB525 /* Frameworks */,
				2E52BDFB25DEDA79008EB525 /* Resources */,
			);
			buildRules = (
			);
			dependencies = (
				2E52BDFF25DEDA79008EB525 /* PBXTargetDependency */,
			);
			name = MVPTests;
			productName = MVPTests;
			productReference = 2E52BDFD25DEDA79008EB525 /* MVPTests.xctest */;
			productType = "com.apple.product-type.bundle.unit-test";
		};
		2E52BE0725DEDA79008EB525 /* MVPUITests */ = {
			isa = PBXNativeTarget;
			buildConfigurationList = 2E52BE1725DEDA79008EB525 /* Build configuration list for PBXNativeTarget "MVPUITests" */;
			buildPhases = (
				4D61AEFF92A27216231D9A0C /* [CP] Check Pods Manifest.lock */,
				2E52BE0425DEDA79008EB525 /* Sources */,
				2E52BE0525DEDA79008EB525 /* Frameworks */,
				2E52BE0625DEDA79008EB525 /* Resources */,
				589248C15B29F87D8CFC249C /* [CP] Embed Pods Frameworks */,
			);
			buildRules = (
			);
			dependencies = (
				2E52BE0A25DEDA79008EB525 /* PBXTargetDependency */,
			);
			name = MVPUITests;
			productName = MVPUITests;
			productReference = 2E52BE0825DEDA79008EB525 /* MVPUITests.xctest */;
			productType = "com.apple.product-type.bundle.ui-testing";
		};
/* End PBXNativeTarget section */

/* Begin PBXProject section */
		2E52BDDF25DEDA77008EB525 /* Project object */ = {
			isa = PBXProject;
			attributes = {
				LastSwiftUpdateCheck = 1220;
				LastUpgradeCheck = 1220;
				ORGANIZATIONNAME = vhuichen;
				TargetAttributes = {
					2E52BDE625DEDA77008EB525 = {
						CreatedOnToolsVersion = 12.2;
					};
					2E52BDFC25DEDA79008EB525 = {
						CreatedOnToolsVersion = 12.2;
						TestTargetID = 2E52BDE625DEDA77008EB525;
					};
					2E52BE0725DEDA79008EB525 = {
						CreatedOnToolsVersion = 12.2;
						TestTargetID = 2E52BDE625DEDA77008EB525;
					};
				};
			};
			buildConfigurationList = 2E52BDE225DEDA77008EB525 /* Build configuration list for PBXProject "MVP" */;
			compatibilityVersion = "Xcode 9.3";
			developmentRegion = en;
			hasScannedForEncodings = 0;
			knownRegions = (
				en,
				Base,
			);
			mainGroup = 2E52BDDE25DEDA77008EB525;
			productRefGroup = 2E52BDE825DEDA77008EB525 /* Products */;
			projectDirPath = "";
			projectRoot = "";
			targets = (
				2E52BDE625DEDA77008EB525 /* MVP */,
				2E52BDFC25DEDA79008EB525 /* MVPTests */,
				2E52BE0725DEDA79008EB525 /* MVPUITests */,
			);
		};
/* End PBXProject section */

/* Begin PBXResourcesBuildPhase section */
		2E52BDE525DEDA77008EB525 /* Resources */ = {
			isa = PBXResourcesBuildPhase;
			buildActionMask = 2147483647;
			files = (
				2E52BDF725DEDA78008EB525 /* LaunchScreen.storyboard in Resources */,
				2E52BDF425DEDA78008EB525 /* Assets.xcassets in Resources */,
				2E52BDF225DEDA77008EB525 /* Main.storyboard in Resources */,
			);
			runOnlyForDeploymentPostprocessing = 0;
		};
		2E52BDFB25DEDA79008EB525 /* Resources */ = {
			isa = PBXResourcesBuildPhase;
			buildActionMask = 2147483647;
			files = (
			);
			runOnlyForDeploymentPostprocessing = 0;
		};
		2E52BE0625DEDA79008EB525 /* Resources */ = {
			isa = PBXResourcesBuildPhase;
			buildActionMask = 2147483647;
			files = (
			);
			runOnlyForDeploymentPostprocessing = 0;
		};
/* End PBXResourcesBuildPhase section */

/* Begin PBXShellScriptBuildPhase section */
		07A61128BF133E20A3023BC2 /* [CP] Check Pods Manifest.lock */ = {
			isa = PBXShellScriptBuildPhase;
			buildActionMask = 2147483647;
			files = (
			);
			inputFileListPaths = (
			);
			inputPaths = (
				"${PODS_PODFILE_DIR_PATH}/Podfile.lock",
				"${PODS_ROOT}/Manifest.lock",
			);
			name = "[CP] Check Pods Manifest.lock";
			outputFileListPaths = (
			);
			outputPaths = (
				"$(DERIVED_FILE_DIR)/Pods-MVPTests-checkManifestLockResult.txt",
			);
			runOnlyForDeploymentPostprocessing = 0;
			shellPath = /bin/sh;
			shellScript = "diff \"${PODS_PODFILE_DIR_PATH}/Podfile.lock\" \"${PODS_ROOT}/Manifest.lock\" > /dev/null\nif [ $? != 0 ] ; then\n    # print error to STDERR\n    echo \"error: The sandbox is not in sync with the Podfile.lock. Run 'pod install' or update your CocoaPods installation.\" >&2\n    exit 1\nfi\n# This output is used by Xcode 'outputs' to avoid re-running this script phase.\necho \"SUCCESS\" > \"${SCRIPT_OUTPUT_FILE_0}\"\n";
			showEnvVarsInLog = 0;
		};
		0C5212F13471720EC715D2BA /* [CP] Check Pods Manifest.lock */ = {
			isa = PBXShellScriptBuildPhase;
			buildActionMask = 2147483647;
			files = (
			);
			inputFileListPaths = (
			);
			inputPaths = (
				"${PODS_PODFILE_DIR_PATH}/Podfile.lock",
				"${PODS_ROOT}/Manifest.lock",
			);
			name = "[CP] Check Pods Manifest.lock";
			outputFileListPaths = (
			);
			outputPaths = (
				"$(DERIVED_FILE_DIR)/Pods-MVP-checkManifestLockResult.txt",
			);
			runOnlyForDeploymentPostprocessing = 0;
			shellPath = /bin/sh;
			shellScript = "diff \"${PODS_PODFILE_DIR_PATH}/Podfile.lock\" \"${PODS_ROOT}/Manifest.lock\" > /dev/null\nif [ $? != 0 ] ; then\n    # print error to STDERR\n    echo \"error: The sandbox is not in sync with the Podfile.lock. Run 'pod install' or update your CocoaPods installation.\" >&2\n    exit 1\nfi\n# This output is used by Xcode 'outputs' to avoid re-running this script phase.\necho \"SUCCESS\" > \"${SCRIPT_OUTPUT_FILE_0}\"\n";
			showEnvVarsInLog = 0;
		};
		2FBE439916C38E255210DFE6 /* [CP] Embed Pods Frameworks */ = {
			isa = PBXShellScriptBuildPhase;
			buildActionMask = 2147483647;
			files = (
			);
			inputFileListPaths = (
				"${PODS_ROOT}/Target Support Files/Pods-MVP/Pods-MVP-frameworks-${CONFIGURATION}-input-files.xcfilelist",
			);
			name = "[CP] Embed Pods Frameworks";
			outputFileListPaths = (
				"${PODS_ROOT}/Target Support Files/Pods-MVP/Pods-MVP-frameworks-${CONFIGURATION}-output-files.xcfilelist",
			);
			runOnlyForDeploymentPostprocessing = 0;
			shellPath = /bin/sh;
			shellScript = "\"${PODS_ROOT}/Target Support Files/Pods-MVP/Pods-MVP-frameworks.sh\"\n";
			showEnvVarsInLog = 0;
		};
		4D61AEFF92A27216231D9A0C /* [CP] Check Pods Manifest.lock */ = {
			isa = PBXShellScriptBuildPhase;
			buildActionMask = 2147483647;
			files = (
			);
			inputFileListPaths = (
			);
			inputPaths = (
				"${PODS_PODFILE_DIR_PATH}/Podfile.lock",
				"${PODS_ROOT}/Manifest.lock",
			);
			name = "[CP] Check Pods Manifest.lock";
			outputFileListPaths = (
			);
			outputPaths = (
				"$(DERIVED_FILE_DIR)/Pods-MVP-MVPUITests-checkManifestLockResult.txt",
			);
			runOnlyForDeploymentPostprocessing = 0;
			shellPath = /bin/sh;
			shellScript = "diff \"${PODS_PODFILE_DIR_PATH}/Podfile.lock\" \"${PODS_ROOT}/Manifest.lock\" > /dev/null\nif [ $? != 0 ] ; then\n    # print error to STDERR\n    echo \"error: The sandbox is not in sync with the Podfile.lock. Run 'pod install' or update your CocoaPods installation.\" >&2\n    exit 1\nfi\n# This output is used by Xcode 'outputs' to avoid re-running this script phase.\necho \"SUCCESS\" > \"${SCRIPT_OUTPUT_FILE_0}\"\n";
			showEnvVarsInLog = 0;
		};
		589248C15B29F87D8CFC249C /* [CP] Embed Pods Frameworks */ = {
			isa = PBXShellScriptBuildPhase;
			buildActionMask = 2147483647;
			files = (
			);
			inputFileListPaths = (
				"${PODS_ROOT}/Target Support Files/Pods-MVP-MVPUITests/Pods-MVP-MVPUITests-frameworks-${CONFIGURATION}-input-files.xcfilelist",
			);
			name = "[CP] Embed Pods Frameworks";
			outputFileListPaths = (
				"${PODS_ROOT}/Target Support Files/Pods-MVP-MVPUITests/Pods-MVP-MVPUITests-frameworks-${CONFIGURATION}-output-files.xcfilelist",
			);
			runOnlyForDeploymentPostprocessing = 0;
			shellPath = /bin/sh;
			shellScript = "\"${PODS_ROOT}/Target Support Files/Pods-MVP-MVPUITests/Pods-MVP-MVPUITests-frameworks.sh\"\n";
			showEnvVarsInLog = 0;
		};
/* End PBXShellScriptBuildPhase section */

/* Begin PBXSourcesBuildPhase section */
		2E52BDE325DEDA77008EB525 /* Sources */ = {
			isa = PBXSourcesBuildPhase;
			buildActionMask = 2147483647;
			files = (
				2EB6923325FD1E15005EDEDF /* FirstMVPView.swift in Sources */,
				2E52BDEF25DEDA77008EB525 /* ViewController.swift in Sources */,
				2E52BDEB25DEDA77008EB525 /* AppDelegate.swift in Sources */,
				2EB6923E25FD2048005EDEDF /* FirstMVPPresenter.swift in Sources */,
				2EB6922E25FD1C6A005EDEDF /* FirstMVPModel.swift in Sources */,
				2E52BDED25DEDA77008EB525 /* SceneDelegate.swift in Sources */,
			);
			runOnlyForDeploymentPostprocessing = 0;
		};
		2E52BDF925DEDA79008EB525 /* Sources */ = {
			isa = PBXSourcesBuildPhase;
			buildActionMask = 2147483647;
			files = (
				2E52BE0225DEDA79008EB525 /* FirstMVPTests.swift in Sources */,
			);
			runOnlyForDeploymentPostprocessing = 0;
		};
		2E52BE0425DEDA79008EB525 /* Sources */ = {
			isa = PBXSourcesBuildPhase;
			buildActionMask = 2147483647;
			files = (
				2E52BE0D25DEDA79008EB525 /* MVPUITests.swift in Sources */,
			);
			runOnlyForDeploymentPostprocessing = 0;
		};
/* End PBXSourcesBuildPhase section */

/* Begin PBXTargetDependency section */
		2E52BDFF25DEDA79008EB525 /* PBXTargetDependency */ = {
			isa = PBXTargetDependency;
			target = 2E52BDE625DEDA77008EB525 /* MVP */;
			targetProxy = 2E52BDFE25DEDA79008EB525 /* PBXContainerItemProxy */;
		};
		2E52BE0A25DEDA79008EB525 /* PBXTargetDependency */ = {
			isa = PBXTargetDependency;
			target = 2E52BDE625DEDA77008EB525 /* MVP */;
			targetProxy = 2E52BE0925DEDA79008EB525 /* PBXContainerItemProxy */;
		};
/* End PBXTargetDependency section */

/* Begin PBXVariantGroup section */
		2E52BDF025DEDA77008EB525 /* Main.storyboard */ = {
			isa = PBXVariantGroup;
			children = (
				2E52BDF125DEDA77008EB525 /* Base */,
			);
			name = Main.storyboard;
			sourceTree = "<group>";
		};
		2E52BDF525DEDA78008EB525 /* LaunchScreen.storyboard */ = {
			isa = PBXVariantGroup;
			children = (
				2E52BDF625DEDA78008EB525 /* Base */,
			);
			name = LaunchScreen.storyboard;
			sourceTree = "<group>";
		};
/* End PBXVariantGroup section */

/* Begin XCBuildConfiguration section */
		2E52BE0F25DEDA79008EB525 /* Debug */ = {
			isa = XCBuildConfiguration;
			buildSettings = {
				ALWAYS_SEARCH_USER_PATHS = NO;
				CLANG_ANALYZER_NONNULL = YES;
				CLANG_ANALYZER_NUMBER_OBJECT_CONVERSION = YES_AGGRESSIVE;
				CLANG_CXX_LANGUAGE_STANDARD = "gnu++14";
				CLANG_CXX_LIBRARY = "libc++";
				CLANG_ENABLE_MODULES = YES;
				CLANG_ENABLE_OBJC_ARC = YES;
				CLANG_ENABLE_OBJC_WEAK = YES;
				CLANG_WARN_BLOCK_CAPTURE_AUTORELEASING = YES;
				CLANG_WARN_BOOL_CONVERSION = YES;
				CLANG_WARN_COMMA = YES;
				CLANG_WARN_CONSTANT_CONVERSION = YES;
				CLANG_WARN_DEPRECATED_OBJC_IMPLEMENTATIONS = YES;
				CLANG_WARN_DIRECT_OBJC_ISA_USAGE = YES_ERROR;
				CLANG_WARN_DOCUMENTATION_COMMENTS = YES;
				CLANG_WARN_EMPTY_BODY = YES;
				CLANG_WARN_ENUM_CONVERSION = YES;
				CLANG_WARN_INFINITE_RECURSION = YES;
				CLANG_WARN_INT_CONVERSION = YES;
				CLANG_WARN_NON_LITERAL_NULL_CONVERSION = YES;
				CLANG_WARN_OBJC_IMPLICIT_RETAIN_SELF = YES;
				CLANG_WARN_OBJC_LITERAL_CONVERSION = YES;
				CLANG_WARN_OBJC_ROOT_CLASS = YES_ERROR;
				CLANG_WARN_QUOTED_INCLUDE_IN_FRAMEWORK_HEADER = YES;
				CLANG_WARN_RANGE_LOOP_ANALYSIS = YES;
				CLANG_WARN_STRICT_PROTOTYPES = YES;
				CLANG_WARN_SUSPICIOUS_MOVE = YES;
				CLANG_WARN_UNGUARDED_AVAILABILITY = YES_AGGRESSIVE;
				CLANG_WARN_UNREACHABLE_CODE = YES;
				CLANG_WARN__DUPLICATE_METHOD_MATCH = YES;
				COPY_PHASE_STRIP = NO;
				DEBUG_INFORMATION_FORMAT = dwarf;
				ENABLE_STRICT_OBJC_MSGSEND = YES;
				ENABLE_TESTABILITY = YES;
				GCC_C_LANGUAGE_STANDARD = gnu11;
				GCC_DYNAMIC_NO_PIC = NO;
				GCC_NO_COMMON_BLOCKS = YES;
				GCC_OPTIMIZATION_LEVEL = 0;
				GCC_PREPROCESSOR_DEFINITIONS = (
					"DEBUG=1",
					"$(inherited)",
				);
				GCC_WARN_64_TO_32_BIT_CONVERSION = YES;
				GCC_WARN_ABOUT_RETURN_TYPE = YES_ERROR;
				GCC_WARN_UNDECLARED_SELECTOR = YES;
				GCC_WARN_UNINITIALIZED_AUTOS = YES_AGGRESSIVE;
				GCC_WARN_UNUSED_FUNCTION = YES;
				GCC_WARN_UNUSED_VARIABLE = YES;
				IPHONEOS_DEPLOYMENT_TARGET = 14.2;
				MTL_ENABLE_DEBUG_INFO = INCLUDE_SOURCE;
				MTL_FAST_MATH = YES;
				ONLY_ACTIVE_ARCH = YES;
				SDKROOT = iphoneos;
				SWIFT_ACTIVE_COMPILATION_CONDITIONS = DEBUG;
				SWIFT_OPTIMIZATION_LEVEL = "-Onone";
			};
			name = Debug;
		};
		2E52BE1025DEDA79008EB525 /* Release */ = {
			isa = XCBuildConfiguration;
			buildSettings = {
				ALWAYS_SEARCH_USER_PATHS = NO;
				CLANG_ANALYZER_NONNULL = YES;
				CLANG_ANALYZER_NUMBER_OBJECT_CONVERSION = YES_AGGRESSIVE;
				CLANG_CXX_LANGUAGE_STANDARD = "gnu++14";
				CLANG_CXX_LIBRARY = "libc++";
				CLANG_ENABLE_MODULES = YES;
				CLANG_ENABLE_OBJC_ARC = YES;
				CLANG_ENABLE_OBJC_WEAK = YES;
				CLANG_WARN_BLOCK_CAPTURE_AUTORELEASING = YES;
				CLANG_WARN_BOOL_CONVERSION = YES;
				CLANG_WARN_COMMA = YES;
				CLANG_WARN_CONSTANT_CONVERSION = YES;
				CLANG_WARN_DEPRECATED_OBJC_IMPLEMENTATIONS = YES;
				CLANG_WARN_DIRECT_OBJC_ISA_USAGE = YES_ERROR;
				CLANG_WARN_DOCUMENTATION_COMMENTS = YES;
				CLANG_WARN_EMPTY_BODY = YES;
				CLANG_WARN_ENUM_CONVERSION = YES;
				CLANG_WARN_INFINITE_RECURSION = YES;
				CLANG_WARN_INT_CONVERSION = YES;
				CLANG_WARN_NON_LITERAL_NULL_CONVERSION = YES;
				CLANG_WARN_OBJC_IMPLICIT_RETAIN_SELF = YES;
				CLANG_WARN_OBJC_LITERAL_CONVERSION = YES;
				CLANG_WARN_OBJC_ROOT_CLASS = YES_ERROR;
				CLANG_WARN_QUOTED_INCLUDE_IN_FRAMEWORK_HEADER = YES;
				CLANG_WARN_RANGE_LOOP_ANALYSIS = YES;
				CLANG_WARN_STRICT_PROTOTYPES = YES;
				CLANG_WARN_SUSPICIOUS_MOVE = YES;
				CLANG_WARN_UNGUARDED_AVAILABILITY = YES_AGGRESSIVE;
				CLANG_WARN_UNREACHABLE_CODE = YES;
				CLANG_WARN__DUPLICATE_METHOD_MATCH = YES;
				COPY_PHASE_STRIP = NO;
				DEBUG_INFORMATION_FORMAT = "dwarf-with-dsym";
				ENABLE_NS_ASSERTIONS = NO;
				ENABLE_STRICT_OBJC_MSGSEND = YES;
				GCC_C_LANGUAGE_STANDARD = gnu11;
				GCC_NO_COMMON_BLOCKS = YES;
				GCC_WARN_64_TO_32_BIT_CONVERSION = YES;
				GCC_WARN_ABOUT_RETURN_TYPE = YES_ERROR;
				GCC_WARN_UNDECLARED_SELECTOR = YES;
				GCC_WARN_UNINITIALIZED_AUTOS = YES_AGGRESSIVE;
				GCC_WARN_UNUSED_FUNCTION = YES;
				GCC_WARN_UNUSED_VARIABLE = YES;
				IPHONEOS_DEPLOYMENT_TARGET = 14.2;
				MTL_ENABLE_DEBUG_INFO = NO;
				MTL_FAST_MATH = YES;
				SDKROOT = iphoneos;
				SWIFT_COMPILATION_MODE = wholemodule;
				SWIFT_OPTIMIZATION_LEVEL = "-O";
				VALIDATE_PRODUCT = YES;
			};
			name = Release;
		};
		2E52BE1225DEDA79008EB525 /* Debug */ = {
			isa = XCBuildConfiguration;
			baseConfigurationReference = BE53CD89BE7F0F27DC2CB5ED /* Pods-MVP.debug.xcconfig */;
			buildSettings = {
				ASSETCATALOG_COMPILER_APPICON_NAME = AppIcon;
				ASSETCATALOG_COMPILER_GLOBAL_ACCENT_COLOR_NAME = AccentColor;
				CODE_SIGN_STYLE = Automatic;
				DEVELOPMENT_TEAM = 97NU232GB7;
				INFOPLIST_FILE = MVP/Info.plist;
				LD_RUNPATH_SEARCH_PATHS = (
					"$(inherited)",
					"@executable_path/Frameworks",
				);
				PRODUCT_BUNDLE_IDENTIFIER = com.vhuichen.MVP;
				PRODUCT_NAME = "$(TARGET_NAME)";
				SWIFT_VERSION = 5.0;
				TARGETED_DEVICE_FAMILY = "1,2";
			};
			name = Debug;
		};
		2E52BE1325DEDA79008EB525 /* Release */ = {
			isa = XCBuildConfiguration;
			baseConfigurationReference = 0EF86FA665530FB3A49D1F17 /* Pods-MVP.release.xcconfig */;
			buildSettings = {
				ASSETCATALOG_COMPILER_APPICON_NAME = AppIcon;
				ASSETCATALOG_COMPILER_GLOBAL_ACCENT_COLOR_NAME = AccentColor;
				CODE_SIGN_STYLE = Automatic;
				DEVELOPMENT_TEAM = 97NU232GB7;
				INFOPLIST_FILE = MVP/Info.plist;
				LD_RUNPATH_SEARCH_PATHS = (
					"$(inherited)",
					"@executable_path/Frameworks",
				);
				PRODUCT_BUNDLE_IDENTIFIER = com.vhuichen.MVP;
				PRODUCT_NAME = "$(TARGET_NAME)";
				SWIFT_VERSION = 5.0;
				TARGETED_DEVICE_FAMILY = "1,2";
			};
			name = Release;
		};
		2E52BE1525DEDA79008EB525 /* Debug */ = {
			isa = XCBuildConfiguration;
			baseConfigurationReference = 8ADE85BBFDFC324DB2D6F686 /* Pods-MVPTests.debug.xcconfig */;
			buildSettings = {
				ALWAYS_EMBED_SWIFT_STANDARD_LIBRARIES = YES;
				BUNDLE_LOADER = "$(TEST_HOST)";
				CODE_SIGN_STYLE = Automatic;
				DEVELOPMENT_TEAM = 97NU232GB7;
				INFOPLIST_FILE = MVPTests/Info.plist;
				IPHONEOS_DEPLOYMENT_TARGET = 14.2;
				LD_RUNPATH_SEARCH_PATHS = (
					"$(inherited)",
					"@executable_path/Frameworks",
					"@loader_path/Frameworks",
				);
				PRODUCT_BUNDLE_IDENTIFIER = com.vhuichen.MVPTests;
				PRODUCT_NAME = "$(TARGET_NAME)";
				SWIFT_VERSION = 5.0;
				TARGETED_DEVICE_FAMILY = "1,2";
				TEST_HOST = "$(BUILT_PRODUCTS_DIR)/MVP.app/MVP";
			};
			name = Debug;
		};
		2E52BE1625DEDA79008EB525 /* Release */ = {
			isa = XCBuildConfiguration;
			baseConfigurationReference = E65FDFD78121450FB07D2F25 /* Pods-MVPTests.release.xcconfig */;
			buildSettings = {
				ALWAYS_EMBED_SWIFT_STANDARD_LIBRARIES = YES;
				BUNDLE_LOADER = "$(TEST_HOST)";
				CODE_SIGN_STYLE = Automatic;
				DEVELOPMENT_TEAM = 97NU232GB7;
				INFOPLIST_FILE = MVPTests/Info.plist;
				IPHONEOS_DEPLOYMENT_TARGET = 14.2;
				LD_RUNPATH_SEARCH_PATHS = (
					"$(inherited)",
					"@executable_path/Frameworks",
					"@loader_path/Frameworks",
				);
				PRODUCT_BUNDLE_IDENTIFIER = com.vhuichen.MVPTests;
				PRODUCT_NAME = "$(TARGET_NAME)";
				SWIFT_VERSION = 5.0;
				TARGETED_DEVICE_FAMILY = "1,2";
				TEST_HOST = "$(BUILT_PRODUCTS_DIR)/MVP.app/MVP";
			};
			name = Release;
		};
		2E52BE1825DEDA79008EB525 /* Debug */ = {
			isa = XCBuildConfiguration;
			baseConfigurationReference = 03D99C4A156B051A0D607EB7 /* Pods-MVP-MVPUITests.debug.xcconfig */;
			buildSettings = {
				ALWAYS_EMBED_SWIFT_STANDARD_LIBRARIES = YES;
				CODE_SIGN_STYLE = Automatic;
				DEVELOPMENT_TEAM = 97NU232GB7;
				INFOPLIST_FILE = MVPUITests/Info.plist;
				LD_RUNPATH_SEARCH_PATHS = (
					"$(inherited)",
					"@executable_path/Frameworks",
					"@loader_path/Frameworks",
				);
				PRODUCT_BUNDLE_IDENTIFIER = com.vhuichen.MVPUITests;
				PRODUCT_NAME = "$(TARGET_NAME)";
				SWIFT_VERSION = 5.0;
				TARGETED_DEVICE_FAMILY = "1,2";
				TEST_TARGET_NAME = MVP;
			};
			name = Debug;
		};
		2E52BE1925DEDA79008EB525 /* Release */ = {
			isa = XCBuildConfiguration;
			baseConfigurationReference = 1F26467A5B12B234FEA3AC88 /* Pods-MVP-MVPUITests.release.xcconfig */;
			buildSettings = {
				ALWAYS_EMBED_SWIFT_STANDARD_LIBRARIES = YES;
				CODE_SIGN_STYLE = Automatic;
				DEVELOPMENT_TEAM = 97NU232GB7;
				INFOPLIST_FILE = MVPUITests/Info.plist;
				LD_RUNPATH_SEARCH_PATHS = (
					"$(inherited)",
					"@executable_path/Frameworks",
					"@loader_path/Frameworks",
				);
				PRODUCT_BUNDLE_IDENTIFIER = com.vhuichen.MVPUITests;
				PRODUCT_NAME = "$(TARGET_NAME)";
				SWIFT_VERSION = 5.0;
				TARGETED_DEVICE_FAMILY = "1,2";
				TEST_TARGET_NAME = MVP;
			};
			name = Release;
		};
/* End XCBuildConfiguration section */

/* Begin XCConfigurationList section */
		2E52BDE225DEDA77008EB525 /* Build configuration list for PBXProject "MVP" */ = {
			isa = XCConfigurationList;
			buildConfigurations = (
				2E52BE0F25DEDA79008EB525 /* Debug */,
				2E52BE1025DEDA79008EB525 /* Release */,
			);
			defaultConfigurationIsVisible = 0;
			defaultConfigurationName = Release;
		};
		2E52BE1125DEDA79008EB525 /* Build configuration list for PBXNativeTarget "MVP" */ = {
			isa = XCConfigurationList;
			buildConfigurations = (
				2E52BE1225DEDA79008EB525 /* Debug */,
				2E52BE1325DEDA79008EB525 /* Release */,
			);
			defaultConfigurationIsVisible = 0;
			defaultConfigurationName = Release;
		};
		2E52BE1425DEDA79008EB525 /* Build configuration list for PBXNativeTarget "MVPTests" */ = {
			isa = XCConfigurationList;
			buildConfigurations = (
				2E52BE1525DEDA79008EB525 /* Debug */,
				2E52BE1625DEDA79008EB525 /* Release */,
			);
			defaultConfigurationIsVisible = 0;
			defaultConfigurationName = Release;
		};
		2E52BE1725DEDA79008EB525 /* Build configuration list for PBXNativeTarget "MVPUITests" */ = {
			isa = XCConfigurationList;
			buildConfigurations = (
				2E52BE1825DEDA79008EB525 /* Debug */,
				2E52BE1925DEDA79008EB525 /* Release */,
			);
			defaultConfigurationIsVisible = 0;
			defaultConfigurationName = Release;
		};
/* End XCConfigurationList section */
	};
	rootObject = 2E52BDDF25DEDA77008EB525 /* Project object */;
}
